dependencies:
- name: postgresql
  repository: https://charts.bitnami.com/bitnami
  version: 16.2.5
- name: keycloak
  repository: https://charts.bitnami.com/bitnami
  version: 21.0.1
- name: redis
  repository: https://charts.bitnami.com/bitnami
  version: 21.2.12
- name: grafana
  repository: https://grafana.github.io/helm-charts
  version: 9.2.10
digest: sha256:e13218277dad8ab612e07e3fa6d46fd2887adb4f9d26e1f2ed0729ab9c0f0be9
generated: "2025-07-18T23:50:19.490169+02:00"
